
Microsoft Visual Studio Solution File, Format Version 12.00
# Visual Studio Version 17
VisualStudioVersion = 17.5.002.0
MinimumVisualStudioVersion = 10.0.40219.1
Project("{9A19103F-16F7-4668-BE54-9A1E7A4F7556}") = "Start", "Start\Start.csproj", "{1C6532C0-C34B-4B53-961A-017A253200A9}"
EndProject
Project("{2150E333-8FDC-42A3-9474-1A3956D46DE8}") = "Start (1)", "Start", "{05856DFA-FFD7-408C-BF7D-3BA21BB3E730}"
EndProject
Project("{9A19103F-16F7-4668-BE54-9A1E7A4F7556}") = "Overview", "Start\Overview\Overview.csproj", "{4CFC07A3-3DFF-4FB7-93A5-F80F9D85DA20}"
EndProject
Project("{2150E333-8FDC-42A3-9474-1A3956D46DE8}") = "Files", "Files", "{60B37487-E2DD-4DAD-B9FF-DCE2F6755928}"
EndProject
Project("{9A19103F-16F7-4668-BE54-9A1E7A4F7556}") = "CreateFiles", "Start\Files\CreateFiles\CreateFiles.csproj", "{C9FFD79D-41DF-4F83-A977-E43A8E00251B}"
EndProject
Project("{9A19103F-16F7-4668-BE54-9A1E7A4F7556}") = "Directories", "Start\Files\Directories\Directories.csproj", "{CF3219D0-50B3-4890-BA97-2505EAEC381C}"
EndProject
Project("{9A19103F-16F7-4668-BE54-9A1E7A4F7556}") = "FileInfo", "Start\Files\FileInfo\FileInfo.csproj", "{8D47FA10-1467-4188-983C-5C5FE54FFD9D}"
EndProject
Project("{9A19103F-16F7-4668-BE54-9A1E7A4F7556}") = "ReadWriteFiles", "Start\Files\ReadWriteFiles\ReadWriteFiles.csproj", "{7D0D7291-F81C-424B-8AD1-3CA5E8B8A8F8}"
EndProject
Project("{2150E333-8FDC-42A3-9474-1A3956D46DE8}") = "NumbersDates", "NumbersDates", "{938DAF38-BE28-40ED-B591-A2AE8A6A83A6}"
EndProject
Project("{9A19103F-16F7-4668-BE54-9A1E7A4F7556}") = "DateTimeClass", "Start\NumbersDates\DateTimeClass\DateTimeClass.csproj", "{5A059C7F-66EE-4C40-BB23-A90509C766B6}"
EndProject
Project("{9A19103F-16F7-4668-BE54-9A1E7A4F7556}") = "FormatDates", "Start\NumbersDates\FormatDates\FormatDates.csproj", "{DFB00B1F-E99E-4140-A282-B021F1550758}"
EndProject
Project("{9A19103F-16F7-4668-BE54-9A1E7A4F7556}") = "FormatNumbers", "Start\NumbersDates\FormatNumbers\FormatNumbers.csproj", "{59C181B3-D08C-4EAC-ADBC-2F920AD52A43}"
EndProject
Project("{9A19103F-16F7-4668-BE54-9A1E7A4F7556}") = "ParseDates", "Start\NumbersDates\ParseDates\ParseDates.csproj", "{546F0ABB-C6BE-4E83-B00D-7564EF170EF1}"
EndProject
Project("{9A19103F-16F7-4668-BE54-9A1E7A4F7556}") = "ParseNumbers", "Start\NumbersDates\ParseNumbers\ParseNumbers.csproj", "{C3FA52F4-736D-446F-A4C3-676C61A79FA4}"
EndProject
Project("{2150E333-8FDC-42A3-9474-1A3956D46DE8}") = "Overview (1)", "Overview", "{D1D983D6-B6C6-4B6D-BC10-190508BDDADE}"
EndProject
Project("{9A19103F-16F7-4668-BE54-9A1E7A4F7556}") = "DataTypes", "Start\Overview\DataTypes\DataTypes.csproj", "{D25158EF-487C-4E65-AA00-17CE84911412}"
EndProject
Project("{9A19103F-16F7-4668-BE54-9A1E7A4F7556}") = "GarbageCollect", "Start\Overview\GarbageCollect\GarbageCollect.csproj", "{ACA7FB4B-AD21-4EB3-85B4-10DABA37E68F}"
EndProject
Project("{9A19103F-16F7-4668-BE54-9A1E7A4F7556}") = "MyConsoleApp", "Start\Overview\MyConsoleApp\MyConsoleApp.csproj", "{732FFACE-2755-48AC-9179-EED5EB1DDC9B}"
EndProject
Project("{2150E333-8FDC-42A3-9474-1A3956D46DE8}") = "Regex", "Regex", "{9E3BCDEA-2E0F-4828-9BAE-315443FE23AB}"
EndProject
Project("{9A19103F-16F7-4668-BE54-9A1E7A4F7556}") = "Finding", "Start\Regex\Finding\Finding.csproj", "{1F583958-F850-4551-8934-8137E304589D}"
EndProject
Project("{9A19103F-16F7-4668-BE54-9A1E7A4F7556}") = "Replacing", "Start\Regex\Replacing\Replacing.csproj", "{CF0B3522-E2C9-4D4A-BC71-30A75E689DBF}"
EndProject
Project("{9A19103F-16F7-4668-BE54-9A1E7A4F7556}") = "RegexTimeouts", "Start\Regex\Timeouts\RegexTimeouts.csproj", "{230DE481-EA95-4D18-BDFE-E0E7542C3CDF}"
EndProject
Project("{2150E333-8FDC-42A3-9474-1A3956D46DE8}") = "Strings", "Strings", "{93D262CF-4118-499D-9F01-B7580CA7856A}"
EndProject
Project("{9A19103F-16F7-4668-BE54-9A1E7A4F7556}") = "Formatting", "Start\Strings\Formatting\Formatting.csproj", "{EBEE5014-2CA0-48EA-9BC2-342B02CDED6E}"
EndProject
Project("{9A19103F-16F7-4668-BE54-9A1E7A4F7556}") = "Interpolation", "Start\Strings\Interpolation\Interpolation.csproj", "{C7E5FA6B-F2AE-47D0-88EA-4D64A04B0E9E}"
EndProject
Project("{9A19103F-16F7-4668-BE54-9A1E7A4F7556}") = "Manipulation", "Start\Strings\Manipulation\Manipulation.csproj", "{20B7ED66-03FA-4A4F-BA29-2C07952CF96B}"
EndProject
Project("{9A19103F-16F7-4668-BE54-9A1E7A4F7556}") = "Searching", "Start\Strings\Searching\Searching.csproj", "{1288958E-1E24-454F-9275-3880A51AE6A7}"
EndProject
Global
	GlobalSection(SolutionConfigurationPlatforms) = preSolution
		Debug|Any CPU = Debug|Any CPU
		Release|Any CPU = Release|Any CPU
	EndGlobalSection
	GlobalSection(ProjectConfigurationPlatforms) = postSolution
		{1C6532C0-C34B-4B53-961A-017A253200A9}.Debug|Any CPU.ActiveCfg = Debug|Any CPU
		{1C6532C0-C34B-4B53-961A-017A253200A9}.Debug|Any CPU.Build.0 = Debug|Any CPU
		{1C6532C0-C34B-4B53-961A-017A253200A9}.Release|Any CPU.ActiveCfg = Release|Any CPU
		{1C6532C0-C34B-4B53-961A-017A253200A9}.Release|Any CPU.Build.0 = Release|Any CPU
		{4CFC07A3-3DFF-4FB7-93A5-F80F9D85DA20}.Debug|Any CPU.ActiveCfg = Debug|Any CPU
		{4CFC07A3-3DFF-4FB7-93A5-F80F9D85DA20}.Debug|Any CPU.Build.0 = Debug|Any CPU
		{4CFC07A3-3DFF-4FB7-93A5-F80F9D85DA20}.Release|Any CPU.ActiveCfg = Release|Any CPU
		{4CFC07A3-3DFF-4FB7-93A5-F80F9D85DA20}.Release|Any CPU.Build.0 = Release|Any CPU
		{C9FFD79D-41DF-4F83-A977-E43A8E00251B}.Debug|Any CPU.ActiveCfg = Debug|Any CPU
		{C9FFD79D-41DF-4F83-A977-E43A8E00251B}.Debug|Any CPU.Build.0 = Debug|Any CPU
		{C9FFD79D-41DF-4F83-A977-E43A8E00251B}.Release|Any CPU.ActiveCfg = Release|Any CPU
		{C9FFD79D-41DF-4F83-A977-E43A8E00251B}.Release|Any CPU.Build.0 = Release|Any CPU
		{CF3219D0-50B3-4890-BA97-2505EAEC381C}.Debug|Any CPU.ActiveCfg = Debug|Any CPU
		{CF3219D0-50B3-4890-BA97-2505EAEC381C}.Debug|Any CPU.Build.0 = Debug|Any CPU
		{CF3219D0-50B3-4890-BA97-2505EAEC381C}.Release|Any CPU.ActiveCfg = Release|Any CPU
		{CF3219D0-50B3-4890-BA97-2505EAEC381C}.Release|Any CPU.Build.0 = Release|Any CPU
		{8D47FA10-1467-4188-983C-5C5FE54FFD9D}.Debug|Any CPU.ActiveCfg = Debug|Any CPU
		{8D47FA10-1467-4188-983C-5C5FE54FFD9D}.Debug|Any CPU.Build.0 = Debug|Any CPU
		{8D47FA10-1467-4188-983C-5C5FE54FFD9D}.Release|Any CPU.ActiveCfg = Release|Any CPU
		{8D47FA10-1467-4188-983C-5C5FE54FFD9D}.Release|Any CPU.Build.0 = Release|Any CPU
		{7D0D7291-F81C-424B-8AD1-3CA5E8B8A8F8}.Debug|Any CPU.ActiveCfg = Debug|Any CPU
		{7D0D7291-F81C-424B-8AD1-3CA5E8B8A8F8}.Debug|Any CPU.Build.0 = Debug|Any CPU
		{7D0D7291-F81C-424B-8AD1-3CA5E8B8A8F8}.Release|Any CPU.ActiveCfg = Release|Any CPU
		{7D0D7291-F81C-424B-8AD1-3CA5E8B8A8F8}.Release|Any CPU.Build.0 = Release|Any CPU
		{5A059C7F-66EE-4C40-BB23-A90509C766B6}.Debug|Any CPU.ActiveCfg = Debug|Any CPU
		{5A059C7F-66EE-4C40-BB23-A90509C766B6}.Debug|Any CPU.Build.0 = Debug|Any CPU
		{5A059C7F-66EE-4C40-BB23-A90509C766B6}.Release|Any CPU.ActiveCfg = Release|Any CPU
		{5A059C7F-66EE-4C40-BB23-A90509C766B6}.Release|Any CPU.Build.0 = Release|Any CPU
		{DFB00B1F-E99E-4140-A282-B021F1550758}.Debug|Any CPU.ActiveCfg = Debug|Any CPU
		{DFB00B1F-E99E-4140-A282-B021F1550758}.Debug|Any CPU.Build.0 = Debug|Any CPU
		{DFB00B1F-E99E-4140-A282-B021F1550758}.Release|Any CPU.ActiveCfg = Release|Any CPU
		{DFB00B1F-E99E-4140-A282-B021F1550758}.Release|Any CPU.Build.0 = Release|Any CPU
		{59C181B3-D08C-4EAC-ADBC-2F920AD52A43}.Debug|Any CPU.ActiveCfg = Debug|Any CPU
		{59C181B3-D08C-4EAC-ADBC-2F920AD52A43}.Debug|Any CPU.Build.0 = Debug|Any CPU
		{59C181B3-D08C-4EAC-ADBC-2F920AD52A43}.Release|Any CPU.ActiveCfg = Release|Any CPU
		{59C181B3-D08C-4EAC-ADBC-2F920AD52A43}.Release|Any CPU.Build.0 = Release|Any CPU
		{546F0ABB-C6BE-4E83-B00D-7564EF170EF1}.Debug|Any CPU.ActiveCfg = Debug|Any CPU
		{546F0ABB-C6BE-4E83-B00D-7564EF170EF1}.Debug|Any CPU.Build.0 = Debug|Any CPU
		{546F0ABB-C6BE-4E83-B00D-7564EF170EF1}.Release|Any CPU.ActiveCfg = Release|Any CPU
		{546F0ABB-C6BE-4E83-B00D-7564EF170EF1}.Release|Any CPU.Build.0 = Release|Any CPU
		{C3FA52F4-736D-446F-A4C3-676C61A79FA4}.Debug|Any CPU.ActiveCfg = Debug|Any CPU
		{C3FA52F4-736D-446F-A4C3-676C61A79FA4}.Debug|Any CPU.Build.0 = Debug|Any CPU
		{C3FA52F4-736D-446F-A4C3-676C61A79FA4}.Release|Any CPU.ActiveCfg = Release|Any CPU
		{C3FA52F4-736D-446F-A4C3-676C61A79FA4}.Release|Any CPU.Build.0 = Release|Any CPU
		{D25158EF-487C-4E65-AA00-17CE84911412}.Debug|Any CPU.ActiveCfg = Debug|Any CPU
		{D25158EF-487C-4E65-AA00-17CE84911412}.Debug|Any CPU.Build.0 = Debug|Any CPU
		{D25158EF-487C-4E65-AA00-17CE84911412}.Release|Any CPU.ActiveCfg = Release|Any CPU
		{D25158EF-487C-4E65-AA00-17CE84911412}.Release|Any CPU.Build.0 = Release|Any CPU
		{ACA7FB4B-AD21-4EB3-85B4-10DABA37E68F}.Debug|Any CPU.ActiveCfg = Debug|Any CPU
		{ACA7FB4B-AD21-4EB3-85B4-10DABA37E68F}.Debug|Any CPU.Build.0 = Debug|Any CPU
		{ACA7FB4B-AD21-4EB3-85B4-10DABA37E68F}.Release|Any CPU.ActiveCfg = Release|Any CPU
		{ACA7FB4B-AD21-4EB3-85B4-10DABA37E68F}.Release|Any CPU.Build.0 = Release|Any CPU
		{732FFACE-2755-48AC-9179-EED5EB1DDC9B}.Debug|Any CPU.ActiveCfg = Debug|Any CPU
		{732FFACE-2755-48AC-9179-EED5EB1DDC9B}.Debug|Any CPU.Build.0 = Debug|Any CPU
		{732FFACE-2755-48AC-9179-EED5EB1DDC9B}.Release|Any CPU.ActiveCfg = Release|Any CPU
		{732FFACE-2755-48AC-9179-EED5EB1DDC9B}.Release|Any CPU.Build.0 = Release|Any CPU
		{1F583958-F850-4551-8934-8137E304589D}.Debug|Any CPU.ActiveCfg = Debug|Any CPU
		{1F583958-F850-4551-8934-8137E304589D}.Debug|Any CPU.Build.0 = Debug|Any CPU
		{1F583958-F850-4551-8934-8137E304589D}.Release|Any CPU.ActiveCfg = Release|Any CPU
		{1F583958-F850-4551-8934-8137E304589D}.Release|Any CPU.Build.0 = Release|Any CPU
		{CF0B3522-E2C9-4D4A-BC71-30A75E689DBF}.Debug|Any CPU.ActiveCfg = Debug|Any CPU
		{CF0B3522-E2C9-4D4A-BC71-30A75E689DBF}.Debug|Any CPU.Build.0 = Debug|Any CPU
		{CF0B3522-E2C9-4D4A-BC71-30A75E689DBF}.Release|Any CPU.ActiveCfg = Release|Any CPU
		{CF0B3522-E2C9-4D4A-BC71-30A75E689DBF}.Release|Any CPU.Build.0 = Release|Any CPU
		{230DE481-EA95-4D18-BDFE-E0E7542C3CDF}.Debug|Any CPU.ActiveCfg = Debug|Any CPU
		{230DE481-EA95-4D18-BDFE-E0E7542C3CDF}.Debug|Any CPU.Build.0 = Debug|Any CPU
		{230DE481-EA95-4D18-BDFE-E0E7542C3CDF}.Release|Any CPU.ActiveCfg = Release|Any CPU
		{230DE481-EA95-4D18-BDFE-E0E7542C3CDF}.Release|Any CPU.Build.0 = Release|Any CPU
		{EBEE5014-2CA0-48EA-9BC2-342B02CDED6E}.Debug|Any CPU.ActiveCfg = Debug|Any CPU
		{EBEE5014-2CA0-48EA-9BC2-342B02CDED6E}.Debug|Any CPU.Build.0 = Debug|Any CPU
		{EBEE5014-2CA0-48EA-9BC2-342B02CDED6E}.Release|Any CPU.ActiveCfg = Release|Any CPU
		{EBEE5014-2CA0-48EA-9BC2-342B02CDED6E}.Release|Any CPU.Build.0 = Release|Any CPU
		{C7E5FA6B-F2AE-47D0-88EA-4D64A04B0E9E}.Debug|Any CPU.ActiveCfg = Debug|Any CPU
		{C7E5FA6B-F2AE-47D0-88EA-4D64A04B0E9E}.Debug|Any CPU.Build.0 = Debug|Any CPU
		{C7E5FA6B-F2AE-47D0-88EA-4D64A04B0E9E}.Release|Any CPU.ActiveCfg = Release|Any CPU
		{C7E5FA6B-F2AE-47D0-88EA-4D64A04B0E9E}.Release|Any CPU.Build.0 = Release|Any CPU
		{20B7ED66-03FA-4A4F-BA29-2C07952CF96B}.Debug|Any CPU.ActiveCfg = Debug|Any CPU
		{20B7ED66-03FA-4A4F-BA29-2C07952CF96B}.Debug|Any CPU.Build.0 = Debug|Any CPU
		{20B7ED66-03FA-4A4F-BA29-2C07952CF96B}.Release|Any CPU.ActiveCfg = Release|Any CPU
		{20B7ED66-03FA-4A4F-BA29-2C07952CF96B}.Release|Any CPU.Build.0 = Release|Any CPU
		{1288958E-1E24-454F-9275-3880A51AE6A7}.Debug|Any CPU.ActiveCfg = Debug|Any CPU
		{1288958E-1E24-454F-9275-3880A51AE6A7}.Debug|Any CPU.Build.0 = Debug|Any CPU
		{1288958E-1E24-454F-9275-3880A51AE6A7}.Release|Any CPU.ActiveCfg = Release|Any CPU
		{1288958E-1E24-454F-9275-3880A51AE6A7}.Release|Any CPU.Build.0 = Release|Any CPU
	EndGlobalSection
	GlobalSection(SolutionProperties) = preSolution
		HideSolutionNode = FALSE
	EndGlobalSection
	GlobalSection(NestedProjects) = preSolution
		{4CFC07A3-3DFF-4FB7-93A5-F80F9D85DA20} = {05856DFA-FFD7-408C-BF7D-3BA21BB3E730}
		{60B37487-E2DD-4DAD-B9FF-DCE2F6755928} = {05856DFA-FFD7-408C-BF7D-3BA21BB3E730}
		{C9FFD79D-41DF-4F83-A977-E43A8E00251B} = {60B37487-E2DD-4DAD-B9FF-DCE2F6755928}
		{CF3219D0-50B3-4890-BA97-2505EAEC381C} = {60B37487-E2DD-4DAD-B9FF-DCE2F6755928}
		{8D47FA10-1467-4188-983C-5C5FE54FFD9D} = {60B37487-E2DD-4DAD-B9FF-DCE2F6755928}
		{7D0D7291-F81C-424B-8AD1-3CA5E8B8A8F8} = {60B37487-E2DD-4DAD-B9FF-DCE2F6755928}
		{938DAF38-BE28-40ED-B591-A2AE8A6A83A6} = {05856DFA-FFD7-408C-BF7D-3BA21BB3E730}
		{5A059C7F-66EE-4C40-BB23-A90509C766B6} = {938DAF38-BE28-40ED-B591-A2AE8A6A83A6}
		{DFB00B1F-E99E-4140-A282-B021F1550758} = {938DAF38-BE28-40ED-B591-A2AE8A6A83A6}
		{59C181B3-D08C-4EAC-ADBC-2F920AD52A43} = {938DAF38-BE28-40ED-B591-A2AE8A6A83A6}
		{546F0ABB-C6BE-4E83-B00D-7564EF170EF1} = {938DAF38-BE28-40ED-B591-A2AE8A6A83A6}
		{C3FA52F4-736D-446F-A4C3-676C61A79FA4} = {938DAF38-BE28-40ED-B591-A2AE8A6A83A6}
		{D1D983D6-B6C6-4B6D-BC10-190508BDDADE} = {05856DFA-FFD7-408C-BF7D-3BA21BB3E730}
		{D25158EF-487C-4E65-AA00-17CE84911412} = {D1D983D6-B6C6-4B6D-BC10-190508BDDADE}
		{ACA7FB4B-AD21-4EB3-85B4-10DABA37E68F} = {D1D983D6-B6C6-4B6D-BC10-190508BDDADE}
		{732FFACE-2755-48AC-9179-EED5EB1DDC9B} = {D1D983D6-B6C6-4B6D-BC10-190508BDDADE}
		{9E3BCDEA-2E0F-4828-9BAE-315443FE23AB} = {05856DFA-FFD7-408C-BF7D-3BA21BB3E730}
		{1F583958-F850-4551-8934-8137E304589D} = {9E3BCDEA-2E0F-4828-9BAE-315443FE23AB}
		{CF0B3522-E2C9-4D4A-BC71-30A75E689DBF} = {9E3BCDEA-2E0F-4828-9BAE-315443FE23AB}
		{230DE481-EA95-4D18-BDFE-E0E7542C3CDF} = {9E3BCDEA-2E0F-4828-9BAE-315443FE23AB}
		{93D262CF-4118-499D-9F01-B7580CA7856A} = {05856DFA-FFD7-408C-BF7D-3BA21BB3E730}
		{EBEE5014-2CA0-48EA-9BC2-342B02CDED6E} = {93D262CF-4118-499D-9F01-B7580CA7856A}
		{C7E5FA6B-F2AE-47D0-88EA-4D64A04B0E9E} = {93D262CF-4118-499D-9F01-B7580CA7856A}
		{20B7ED66-03FA-4A4F-BA29-2C07952CF96B} = {93D262CF-4118-499D-9F01-B7580CA7856A}
		{1288958E-1E24-454F-9275-3880A51AE6A7} = {93D262CF-4118-499D-9F01-B7580CA7856A}
	EndGlobalSection
	GlobalSection(ExtensibilityGlobals) = postSolution
		SolutionGuid = {D3F598A1-3D7B-432E-995E-7BD5D96E98F9}
	EndGlobalSection
EndGlobal
